// !$*UTF8*$!
{
	archiveVersion = 1;
	classes = {
	};
	objectVersion = 55;
	objects = {

/* Begin PBXBuildFile section */
		FA1CFF2B2880B9C600F07A51 /* AppDelegate.swift in Sources */ = {isa = PBXBuildFile; fileRef = FA1CFF2A2880B9C600F07A51 /* AppDelegate.swift */; };
		FA1CFF2D2880B9C600F07A51 /* SceneDelegate.swift in Sources */ = {isa = PBXBuildFile; fileRef = FA1CFF2C2880B9C600F07A51 /* SceneDelegate.swift */; };
		FA1CFF2F2880B9C600F07A51 /* ViewController.swift in Sources */ = {isa = PBXBuildFile; fileRef = FA1CFF2E2880B9C600F07A51 /* ViewController.swift */; };
		FA1CFF322880B9C600F07A51 /* Main.storyboard in Resources */ = {isa = PBXBuildFile; fileRef = FA1CFF302880B9C600F07A51 /* Main.storyboard */; };
		FA1CFF342880B9CE00F07A51 /* Assets.xcassets in Resources */ = {isa = PBXBuildFile; fileRef = FA1CFF332880B9CE00F07A51 /* Assets.xcassets */; };
		FA1CFF372880B9CE00F07A51 /* LaunchScreen.storyboard in Resources */ = {isa = PBXBuildFile; fileRef = FA1CFF352880B9CE00F07A51 /* LaunchScreen.storyboard */; };
		FA1CFF422880B9CF00F07A51 /* TodoTests.swift in Sources */ = {isa = PBXBuildFile; fileRef = FA1CFF412880B9CF00F07A51 /* TodoTests.swift */; };
		FA1CFF4C2880B9CF00F07A51 /* TodoUITests.swift in Sources */ = {isa = PBXBuildFile; fileRef = FA1CFF4B2880B9CF00F07A51 /* TodoUITests.swift */; };
		FA1CFF4E2880B9CF00F07A51 /* TodoUITestsLaunchTests.swift in Sources */ = {isa = PBXBuildFile; fileRef = FA1CFF4D2880B9CF00F07A51 /* TodoUITestsLaunchTests.swift */; };
/* End PBXBuildFile section */

/* Begin PBXContainerItemProxy section */
		FA1CFF3E2880B9CF00F07A51 /* PBXContainerItemProxy */ = {
			isa = PBXContainerItemProxy;
			containerPortal = FA1CFF1F2880B9C600F07A51 /* Project object */;
			proxyType = 1;
			remoteGlobalIDString = FA1CFF262880B9C600F07A51;
			remoteInfo = Todo;
		};
		FA1CFF482880B9CF00F07A51 /* PBXContainerItemProxy */ = {
			isa = PBXContainerItemProxy;
			containerPortal = FA1CFF1F2880B9C600F07A51 /* Project object */;
			proxyType = 1;
			remoteGlobalIDString = FA1CFF262880B9C600F07A51;
			remoteInfo = Todo;
		};
/* End PBXContainerItemProxy section */

/* Begin PBXFileReference section */
		FA1CFF272880B9C600F07A51 /* Todo.app */ = {isa = PBXFileReference; explicitFileType = wrapper.application; includeInIndex = 0; path = Todo.app; sourceTree = BUILT_PRODUCTS_DIR; };
		FA1CFF2A2880B9C600F07A51 /* AppDelegate.swift */ = {isa = PBXFileReference; lastKnownFileType = sourcecode.swift; path = AppDelegate.swift; sourceTree = "<group>"; };
		FA1CFF2C2880B9C600F07A51 /* SceneDelegate.swift */ = {isa = PBXFileReference; lastKnownFileType = sourcecode.swift; path = SceneDelegate.swift; sourceTree = "<group>"; };
		FA1CFF2E2880B9C600F07A51 /* ViewController.swift */ = {isa = PBXFileReference; lastKnownFileType = sourcecode.swift; path = ViewController.swift; sourceTree = "<group>"; };
		FA1CFF312880B9C600F07A51 /* Base */ = {isa = PBXFileReference; lastKnownFileType = file.storyboard; name = Base; path = Base.lproj/Main.storyboard; sourceTree = "<group>"; };
		FA1CFF332880B9CE00F07A51 /* Assets.xcassets */ = {isa = PBXFileReference; lastKnownFileType = folder.assetcatalog; path = Assets.xcassets; sourceTree = "<group>"; };
		FA1CFF362880B9CE00F07A51 /* Base */ = {isa = PBXFileReference; lastKnownFileType = file.storyboard; name = Base; path = Base.lproj/LaunchScreen.storyboard; sourceTree = "<group>"; };
		FA1CFF382880B9CE00F07A51 /* Info.plist */ = {isa = PBXFileReference; lastKnownFileType = text.plist.xml; path = Info.plist; sourceTree = "<group>"; };
		FA1CFF3D2880B9CF00F07A51 /* TodoTests.xctest */ = {isa = PBXFileReference; explicitFileType = wrapper.cfbundle; includeInIndex = 0; path = TodoTests.xctest; sourceTree = BUILT_PRODUCTS_DIR; };
		FA1CFF412880B9CF00F07A51 /* TodoTests.swift */ = {isa = PBXFileReference; lastKnownFileType = sourcecode.swift; path = TodoTests.swift; sourceTree = "<group>"; };
		FA1CFF472880B9CF00F07A51 /* TodoUITests.xctest */ = {isa = PBXFileReference; explicitFileType = wrapper.cfbundle; includeInIndex = 0; path = TodoUITests.xctest; sourceTree = BUILT_PRODUCTS_DIR; };
		FA1CFF4B2880B9CF00F07A51 /* TodoUITests.swift */ = {isa = PBXFileReference; lastKnownFileType = sourcecode.swift; path = TodoUITests.swift; sourceTree = "<group>"; };
		FA1CFF4D2880B9CF00F07A51 /* TodoUITestsLaunchTests.swift */ = {isa = PBXFileReference; lastKnownFileType = sourcecode.swift; path = TodoUITestsLaunchTests.swift; sourceTree = "<group>"; };
/* End PBXFileReference section */

/* Begin PBXFrameworksBuildPhase section */
		FA1CFF242880B9C600F07A51 /* Frameworks */ = {
			isa = PBXFrameworksBuildPhase;
			buildActionMask = 2147483647;
			files = (
			);
			runOnlyForDeploymentPostprocessing = 0;
		};
		FA1CFF3A2880B9CF00F07A51 /* Frameworks */ = {
			isa = PBXFrameworksBuildPhase;
			buildActionMask = 2147483647;
			files = (
			);
			runOnlyForDeploymentPostprocessing = 0;
		};
		FA1CFF442880B9CF00F07A51 /* Frameworks */ = {
			isa = PBXFrameworksBuildPhase;
			buildActionMask = 2147483647;
			files = (
			);
			runOnlyForDeploymentPostprocessing = 0;
		};
/* End PBXFrameworksBuildPhase section */

/* Begin PBXGroup section */
		FA1CFF1E2880B9C600F07A51 = {
			isa = PBXGroup;
			children = (
				FA1CFF292880B9C600F07A51 /* Todo */,
				FA1CFF402880B9CF00F07A51 /* TodoTests */,
				FA1CFF4A2880B9CF00F07A51 /* TodoUITests */,
				FA1CFF282880B9C600F07A51 /* Products */,
			);
			sourceTree = "<group>";
		};
		FA1CFF282880B9C600F07A51 /* Products */ = {
			isa = PBXGroup;
			children = (
				FA1CFF272880B9C600F07A51 /* Todo.app */,
				FA1CFF3D2880B9CF00F07A51 /* TodoTests.xctest */,
				FA1CFF472880B9CF00F07A51 /* TodoUITests.xctest */,
			);
			name = Products;
			sourceTree = "<group>";
		};
		FA1CFF292880B9C600F07A51 /* Todo */ = {
			isa = PBXGroup;
			children = (
				FA1CFF2A2880B9C600F07A51 /* AppDelegate.swift */,
				FA1CFF2C2880B9C600F07A51 /* SceneDelegate.swift */,
				FA1CFF2E2880B9C600F07A51 /* ViewController.swift */,
				FA1CFF302880B9C600F07A51 /* Main.storyboard */,
				FA1CFF332880B9CE00F07A51 /* Assets.xcassets */,
				FA1CFF352880B9CE00F07A51 /* LaunchScreen.storyboard */,
				FA1CFF382880B9CE00F07A51 /* Info.plist */,
			);
			path = Todo;
			sourceTree = "<group>";
		};
		FA1CFF402880B9CF00F07A51 /* TodoTests */ = {
			isa = PBXGroup;
			children = (
				FA1CFF412880B9CF00F07A51 /* TodoTests.swift */,
			);
			path = TodoTests;
			sourceTree = "<group>";
		};
		FA1CFF4A2880B9CF00F07A51 /* TodoUITests */ = {
			isa = PBXGroup;
			children = (
				FA1CFF4B2880B9CF00F07A51 /* TodoUITests.swift */,
				FA1CFF4D2880B9CF00F07A51 /* TodoUITestsLaunchTests.swift */,
			);
			path = TodoUITests;
			sourceTree = "<group>";
		};
/* End PBXGroup section */

/* Begin PBXNativeTarget section */
		FA1CFF262880B9C600F07A51 /* Todo */ = {
			isa = PBXNativeTarget;
			buildConfigurationList = FA1CFF512880B9CF00F07A51 /* Build configuration list for PBXNativeTarget "Todo" */;
			buildPhases = (
				FA1CFF232880B9C600F07A51 /* Sources */,
				FA1CFF242880B9C600F07A51 /* Frameworks */,
				FA1CFF252880B9C600F07A51 /* Resources */,
			);
			buildRules = (
			);
			dependencies = (
			);
			name = Todo;
			productName = Todo;
			productReference = FA1CFF272880B9C600F07A51 /* Todo.app */;
			productType = "com.apple.product-type.application";
		};
		FA1CFF3C2880B9CF00F07A51 /* TodoTests */ = {
			isa = PBXNativeTarget;
			buildConfigurationList = FA1CFF542880B9CF00F07A51 /* Build configuration list for PBXNativeTarget "TodoTests" */;
			buildPhases = (
				FA1CFF392880B9CF00F07A51 /* Sources */,
				FA1CFF3A2880B9CF00F07A51 /* Frameworks */,
				FA1CFF3B2880B9CF00F07A51 /* Resources */,
			);
			buildRules = (
			);
			dependencies = (
				FA1CFF3F2880B9CF00F07A51 /* PBXTargetDependency */,
			);
			name = TodoTests;
			productName = TodoTests;
			productReference = FA1CFF3D2880B9CF00F07A51 /* TodoTests.xctest */;
			productType = "com.apple.product-type.bundle.unit-test";
		};
		FA1CFF462880B9CF00F07A51 /* TodoUITests */ = {
			isa = PBXNativeTarget;
			buildConfigurationList = FA1CFF572880B9CF00F07A51 /* Build configuration list for PBXNativeTarget "TodoUITests" */;
			buildPhases = (
				FA1CFF432880B9CF00F07A51 /* Sources */,
				FA1CFF442880B9CF00F07A51 /* Frameworks */,
				FA1CFF452880B9CF00F07A51 /* Resources */,
			);
			buildRules = (
			);
			dependencies = (
				FA1CFF492880B9CF00F07A51 /* PBXTargetDependency */,
			);
			name = TodoUITests;
			productName = TodoUITests;
			productReference = FA1CFF472880B9CF00F07A51 /* TodoUITests.xctest */;
			productType = "com.apple.product-type.bundle.ui-testing";
		};
/* End PBXNativeTarget section */

/* Begin PBXProject section */
		FA1CFF1F2880B9C600F07A51 /* Project object */ = {
			isa = PBXProject;
			attributes = {
				BuildIndependentTargetsInParallel = 1;
				LastSwiftUpdateCheck = 1340;
				LastUpgradeCheck = 1340;
				TargetAttributes = {
					FA1CFF262880B9C600F07A51 = {
						CreatedOnToolsVersion = 13.4.1;
					};
					FA1CFF3C2880B9CF00F07A51 = {
						CreatedOnToolsVersion = 13.4.1;
						TestTargetID = FA1CFF262880B9C600F07A51;
					};
					FA1CFF462880B9CF00F07A51 = {
						CreatedOnToolsVersion = 13.4.1;
						TestTargetID = FA1CFF262880B9C600F07A51;
					};
				};
			};
			buildConfigurationList = FA1CFF222880B9C600F07A51 /* Build configuration list for PBXProject "Todo" */;
			compatibilityVersion = "Xcode 13.0";
			developmentRegion = en;
			hasScannedForEncodings = 0;
			knownRegions = (
				en,
				Base,
			);
			mainGroup = FA1CFF1E2880B9C600F07A51;
			productRefGroup = FA1CFF282880B9C600F07A51 /* Products */;
			projectDirPath = "";
			projectRoot = "";
			targets = (
				FA1CFF262880B9C600F07A51 /* Todo */,
				FA1CFF3C2880B9CF00F07A51 /* TodoTests */,
				FA1CFF462880B9CF00F07A51 /* TodoUITests */,
			);
		};
/* End PBXProject section */

/* Begin PBXResourcesBuildPhase section */
		FA1CFF252880B9C600F07A51 /* Resources */ = {
			isa = PBXResourcesBuildPhase;
			buildActionMask = 2147483647;
			files = (
				FA1CFF372880B9CE00F07A51 /* LaunchScreen.storyboard in Resources */,
				FA1CFF342880B9CE00F07A51 /* Assets.xcassets in Resources */,
				FA1CFF322880B9C600F07A51 /* Main.storyboard in Resources */,
			);
			runOnlyForDeploymentPostprocessing = 0;
		};
		FA1CFF3B2880B9CF00F07A51 /* Resources */ = {
			isa = PBXResourcesBuildPhase;
			buildActionMask = 2147483647;
			files = (
			);
			runOnlyForDeploymentPostprocessing = 0;
		};
		FA1CFF452880B9CF00F07A51 /* Resources */ = {
			isa = PBXResourcesBuildPhase;
			buildActionMask = 2147483647;
			files = (
			);
			runOnlyForDeploymentPostprocessing = 0;
		};
/* End PBXResourcesBuildPhase section */

/* Begin PBXSourcesBuildPhase section */
		FA1CFF232880B9C600F07A51 /* Sources */ = {
			isa = PBXSourcesBuildPhase;
			buildActionMask = 2147483647;
			files = (
				FA1CFF2F2880B9C600F07A51 /* ViewController.swift in Sources */,
				FA1CFF2B2880B9C600F07A51 /* AppDelegate.swift in Sources */,
				FA1CFF2D2880B9C600F07A51 /* SceneDelegate.swift in Sources */,
			);
			runOnlyForDeploymentPostprocessing = 0;
		};
		FA1CFF392880B9CF00F07A51 /* Sources */ = {
			isa = PBXSourcesBuildPhase;
			buildActionMask = 2147483647;
			files = (
				FA1CFF422880B9CF00F07A51 /* TodoTests.swift in Sources */,
			);
			runOnlyForDeploymentPostprocessing = 0;
		};
		FA1CFF432880B9CF00F07A51 /* Sources */ = {
			isa = PBXSourcesBuildPhase;
			buildActionMask = 2147483647;
			files = (
				FA1CFF4E2880B9CF00F07A51 /* TodoUITestsLaunchTests.swift in Sources */,
				FA1CFF4C2880B9CF00F07A51 /* TodoUITests.swift in Sources */,
			);
			runOnlyForDeploymentPostprocessing = 0;
		};
/* End PBXSourcesBuildPhase section */

/* Begin PBXTargetDependency section */
		FA1CFF3F2880B9CF00F07A51 /* PBXTargetDependency */ = {
			isa = PBXTargetDependency;
			target = FA1CFF262880B9C600F07A51 /* Todo */;
			targetProxy = FA1CFF3E2880B9CF00F07A51 /* PBXContainerItemProxy */;
		};
		FA1CFF492880B9CF00F07A51 /* PBXTargetDependency */ = {
			isa = PBXTargetDependency;
			target = FA1CFF262880B9C600F07A51 /* Todo */;
			targetProxy = FA1CFF482880B9CF00F07A51 /* PBXContainerItemProxy */;
		};
/* End PBXTargetDependency section */

/* Begin PBXVariantGroup section */
		FA1CFF302880B9C600F07A51 /* Main.storyboard */ = {
			isa = PBXVariantGroup;
			children = (
				FA1CFF312880B9C600F07A51 /* Base */,
			);
			name = Main.storyboard;
			sourceTree = "<group>";
		};
		FA1CFF352880B9CE00F07A51 /* LaunchScreen.storyboard */ = {
			isa = PBXVariantGroup;
			children = (
				FA1CFF362880B9CE00F07A51 /* Base */,
			);
			name = LaunchScreen.storyboard;
			sourceTree = "<group>";
		};
/* End PBXVariantGroup section */

/* Begin XCBuildConfiguration section */
		FA1CFF4F2880B9CF00F07A51 /* Debug */ = {
			isa = XCBuildConfiguration;
			buildSettings = {
				ALWAYS_SEARCH_USER_PATHS = NO;
				CLANG_ANALYZER_NONNULL = YES;
				CLANG_ANALYZER_NUMBER_OBJECT_CONVERSION = YES_AGGRESSIVE;
				CLANG_CXX_LANGUAGE_STANDARD = "gnu++17";
				CLANG_ENABLE_MODULES = YES;
				CLANG_ENABLE_OBJC_ARC = YES;
				CLANG_ENABLE_OBJC_WEAK = YES;
				CLANG_WARN_BLOCK_CAPTURE_AUTORELEASING = YES;
				CLANG_WARN_BOOL_CONVERSION = YES;
				CLANG_WARN_COMMA = YES;
				CLANG_WARN_CONSTANT_CONVERSION = YES;
				CLANG_WARN_DEPRECATED_OBJC_IMPLEMENTATIONS = YES;
				CLANG_WARN_DIRECT_OBJC_ISA_USAGE = YES_ERROR;
				CLANG_WARN_DOCUMENTATION_COMMENTS = YES;
				CLANG_WARN_EMPTY_BODY = YES;
				CLANG_WARN_ENUM_CONVERSION = YES;
				CLANG_WARN_INFINITE_RECURSION = YES;
				CLANG_WARN_INT_CONVERSION = YES;
				CLANG_WARN_NON_LITERAL_NULL_CONVERSION = YES;
				CLANG_WARN_OBJC_IMPLICIT_RETAIN_SELF = YES;
				CLANG_WARN_OBJC_LITERAL_CONVERSION = YES;
				CLANG_WARN_OBJC_ROOT_CLASS = YES_ERROR;
				CLANG_WARN_QUOTED_INCLUDE_IN_FRAMEWORK_HEADER = YES;
				CLANG_WARN_RANGE_LOOP_ANALYSIS = YES;
				CLANG_WARN_STRICT_PROTOTYPES = YES;
				CLANG_WARN_SUSPICIOUS_MOVE = YES;
				CLANG_WARN_UNGUARDED_AVAILABILITY = YES_AGGRESSIVE;
				CLANG_WARN_UNREACHABLE_CODE = YES;
				CLANG_WARN__DUPLICATE_METHOD_MATCH = YES;
				COPY_PHASE_STRIP = NO;
				DEBUG_INFORMATION_FORMAT = dwarf;
				ENABLE_STRICT_OBJC_MSGSEND = YES;
				ENABLE_TESTABILITY = YES;
				GCC_C_LANGUAGE_STANDARD = gnu11;
				GCC_DYNAMIC_NO_PIC = NO;
				GCC_NO_COMMON_BLOCKS = YES;
				GCC_OPTIMIZATION_LEVEL = 0;
				GCC_PREPROCESSOR_DEFINITIONS = (
					"DEBUG=1",
					"$(inherited)",
				);
				GCC_WARN_64_TO_32_BIT_CONVERSION = YES;
				GCC_WARN_ABOUT_RETURN_TYPE = YES_ERROR;
				GCC_WARN_UNDECLARED_SELECTOR = YES;
				GCC_WARN_UNINITIALIZED_AUTOS = YES_AGGRESSIVE;
				GCC_WARN_UNUSED_FUNCTION = YES;
				GCC_WARN_UNUSED_VARIABLE = YES;
				IPHONEOS_DEPLOYMENT_TARGET = 15.5;
				MTL_ENABLE_DEBUG_INFO = INCLUDE_SOURCE;
				MTL_FAST_MATH = YES;
				ONLY_ACTIVE_ARCH = YES;
				SDKROOT = iphoneos;
				SWIFT_ACTIVE_COMPILATION_CONDITIONS = DEBUG;
				SWIFT_OPTIMIZATION_LEVEL = "-Onone";
			};
			name = Debug;
		};
		FA1CFF502880B9CF00F07A51 /* Release */ = {
			isa = XCBuildConfiguration;
			buildSettings = {
				ALWAYS_SEARCH_USER_PATHS = NO;
				CLANG_ANALYZER_NONNULL = YES;
				CLANG_ANALYZER_NUMBER_OBJECT_CONVERSION = YES_AGGRESSIVE;
				CLANG_CXX_LANGUAGE_STANDARD = "gnu++17";
				CLANG_ENABLE_MODULES = YES;
				CLANG_ENABLE_OBJC_ARC = YES;
				CLANG_ENABLE_OBJC_WEAK = YES;
				CLANG_WARN_BLOCK_CAPTURE_AUTORELEASING = YES;
				CLANG_WARN_BOOL_CONVERSION = YES;
				CLANG_WARN_COMMA = YES;
				CLANG_WARN_CONSTANT_CONVERSION = YES;
				CLANG_WARN_DEPRECATED_OBJC_IMPLEMENTATIONS = YES;
				CLANG_WARN_DIRECT_OBJC_ISA_USAGE = YES_ERROR;
				CLANG_WARN_DOCUMENTATION_COMMENTS = YES;
				CLANG_WARN_EMPTY_BODY = YES;
				CLANG_WARN_ENUM_CONVERSION = YES;
				CLANG_WARN_INFINITE_RECURSION = YES;
				CLANG_WARN_INT_CONVERSION = YES;
				CLANG_WARN_NON_LITERAL_NULL_CONVERSION = YES;
				CLANG_WARN_OBJC_IMPLICIT_RETAIN_SELF = YES;
				CLANG_WARN_OBJC_LITERAL_CONVERSION = YES;
				CLANG_WARN_OBJC_ROOT_CLASS = YES_ERROR;
				CLANG_WARN_QUOTED_INCLUDE_IN_FRAMEWORK_HEADER = YES;
				CLANG_WARN_RANGE_LOOP_ANALYSIS = YES;
				CLANG_WARN_STRICT_PROTOTYPES = YES;
				CLANG_WARN_SUSPICIOUS_MOVE = YES;
				CLANG_WARN_UNGUARDED_AVAILABILITY = YES_AGGRESSIVE;
				CLANG_WARN_UNREACHABLE_CODE = YES;
				CLANG_WARN__DUPLICATE_METHOD_MATCH = YES;
				COPY_PHASE_STRIP = NO;
				DEBUG_INFORMATION_FORMAT = "dwarf-with-dsym";
				ENABLE_NS_ASSERTIONS = NO;
				ENABLE_STRICT_OBJC_MSGSEND = YES;
				GCC_C_LANGUAGE_STANDARD = gnu11;
				GCC_NO_COMMON_BLOCKS = YES;
				GCC_WARN_64_TO_32_BIT_CONVERSION = YES;
				GCC_WARN_ABOUT_RETURN_TYPE = YES_ERROR;
				GCC_WARN_UNDECLARED_SELECTOR = YES;
				GCC_WARN_UNINITIALIZED_AUTOS = YES_AGGRESSIVE;
				GCC_WARN_UNUSED_FUNCTION = YES;
				GCC_WARN_UNUSED_VARIABLE = YES;
				IPHONEOS_DEPLOYMENT_TARGET = 15.5;
				MTL_ENABLE_DEBUG_INFO = NO;
				MTL_FAST_MATH = YES;
				SDKROOT = iphoneos;
				SWIFT_COMPILATION_MODE = wholemodule;
				SWIFT_OPTIMIZATION_LEVEL = "-O";
				VALIDATE_PRODUCT = YES;
			};
			name = Release;
		};
		FA1CFF522880B9CF00F07A51 /* Debug */ = {
			isa = XCBuildConfiguration;
			buildSettings = {
				ASSETCATALOG_COMPILER_APPICON_NAME = AppIcon;
				ASSETCATALOG_COMPILER_GLOBAL_ACCENT_COLOR_NAME = AccentColor;
				CODE_SIGN_STYLE = Automatic;
				CURRENT_PROJECT_VERSION = 1;
				GENERATE_INFOPLIST_FILE = YES;
				INFOPLIST_FILE = Todo/Info.plist;
				INFOPLIST_KEY_UIApplicationSupportsIndirectInputEvents = YES;
				INFOPLIST_KEY_UILaunchStoryboardName = LaunchScreen;
				INFOPLIST_KEY_UIMainStoryboardFile = Main;
				INFOPLIST_KEY_UISupportedInterfaceOrientations_iPad = "UIInterfaceOrientationPortrait UIInterfaceOrientationPortraitUpsideDown UIInterfaceOrientationLandscapeLeft UIInterfaceOrientationLandscapeRight";
				INFOPLIST_KEY_UISupportedInterfaceOrientations_iPhone = "UIInterfaceOrientationPortrait UIInterfaceOrientationLandscapeLeft UIInterfaceOrientationLandscapeRight";
				LD_RUNPATH_SEARCH_PATHS = (
					"$(inherited)",
					"@executable_path/Frameworks",
				);
				MARKETING_VERSION = 1.0;
				PRODUCT_BUNDLE_IDENTIFIER = com.ujwal.Todo;
				PRODUCT_NAME = "$(TARGET_NAME)";
				SWIFT_EMIT_LOC_STRINGS = YES;
				SWIFT_VERSION = 5.0;
				TARGETED_DEVICE_FAMILY = "1,2";
			};
			name = Debug;
		};
		FA1CFF532880B9CF00F07A51 /* Release */ = {
			isa = XCBuildConfiguration;
			buildSettings = {
				ASSETCATALOG_COMPILER_APPICON_NAME = AppIcon;
				ASSETCATALOG_COMPILER_GLOBAL_ACCENT_COLOR_NAME = AccentColor;
				CODE_SIGN_STYLE = Automatic;
				CURRENT_PROJECT_VERSION = 1;
				GENERATE_INFOPLIST_FILE = YES;
				INFOPLIST_FILE = Todo/Info.plist;
				INFOPLIST_KEY_UIApplicationSupportsIndirectInputEvents = YES;
				INFOPLIST_KEY_UILaunchStoryboardName = LaunchScreen;
				INFOPLIST_KEY_UIMainStoryboardFile = Main;
				INFOPLIST_KEY_UISupportedInterfaceOrientations_iPad = "UIInterfaceOrientationPortrait UIInterfaceOrientationPortraitUpsideDown UIInterfaceOrientationLandscapeLeft UIInterfaceOrientationLandscapeRight";
				INFOPLIST_KEY_UISupportedInterfaceOrientations_iPhone = "UIInterfaceOrientationPortrait UIInterfaceOrientationLandscapeLeft UIInterfaceOrientationLandscapeRight";
				LD_RUNPATH_SEARCH_PATHS = (
					"$(inherited)",
					"@executable_path/Frameworks",
				);
				MARKETING_VERSION = 1.0;
				PRODUCT_BUNDLE_IDENTIFIER = com.ujwal.Todo;
				PRODUCT_NAME = "$(TARGET_NAME)";
				SWIFT_EMIT_LOC_STRINGS = YES;
				SWIFT_VERSION = 5.0;
				TARGETED_DEVICE_FAMILY = "1,2";
			};
			name = Release;
		};
		FA1CFF552880B9CF00F07A51 /* Debug */ = {
			isa = XCBuildConfiguration;
			buildSettings = {
				ALWAYS_EMBED_SWIFT_STANDARD_LIBRARIES = YES;
				BUNDLE_LOADER = "$(TEST_HOST)";
				CODE_SIGN_STYLE = Automatic;
				CURRENT_PROJECT_VERSION = 1;
				GENERATE_INFOPLIST_FILE = YES;
				IPHONEOS_DEPLOYMENT_TARGET = 15.5;
				MARKETING_VERSION = 1.0;
				PRODUCT_BUNDLE_IDENTIFIER = com.ujwal.TodoTests;
				PRODUCT_NAME = "$(TARGET_NAME)";
				SWIFT_EMIT_LOC_STRINGS = NO;
				SWIFT_VERSION = 5.0;
				TARGETED_DEVICE_FAMILY = "1,2";
				TEST_HOST = "$(BUILT_PRODUCTS_DIR)/Todo.app/Todo";
			};
			name = Debug;
		};
		FA1CFF562880B9CF00F07A51 /* Release */ = {
			isa = XCBuildConfiguration;
			buildSettings = {
				ALWAYS_EMBED_SWIFT_STANDARD_LIBRARIES = YES;
				BUNDLE_LOADER = "$(TEST_HOST)";
				CODE_SIGN_STYLE = Automatic;
				CURRENT_PROJECT_VERSION = 1;
				GENERATE_INFOPLIST_FILE = YES;
				IPHONEOS_DEPLOYMENT_TARGET = 15.5;
				MARKETING_VERSION = 1.0;
				PRODUCT_BUNDLE_IDENTIFIER = com.ujwal.TodoTests;
				PRODUCT_NAME = "$(TARGET_NAME)";
				SWIFT_EMIT_LOC_STRINGS = NO;
				SWIFT_VERSION = 5.0;
				TARGETED_DEVICE_FAMILY = "1,2";
				TEST_HOST = "$(BUILT_PRODUCTS_DIR)/Todo.app/Todo";
			};
			name = Release;
		};
		FA1CFF582880B9CF00F07A51 /* Debug */ = {
			isa = XCBuildConfiguration;
			buildSettings = {
				ALWAYS_EMBED_SWIFT_STANDARD_LIBRARIES = YES;
				CODE_SIGN_STYLE = Automatic;
				CURRENT_PROJECT_VERSION = 1;
				GENERATE_INFOPLIST_FILE = YES;
				MARKETING_VERSION = 1.0;
				PRODUCT_BUNDLE_IDENTIFIER = com.ujwal.TodoUITests;
				PRODUCT_NAME = "$(TARGET_NAME)";
				SWIFT_EMIT_LOC_STRINGS = NO;
				SWIFT_VERSION = 5.0;
				TARGETED_DEVICE_FAMILY = "1,2";
				TEST_TARGET_NAME = Todo;
			};
			name = Debug;
		};
		FA1CFF592880B9CF00F07A51 /* Release */ = {
			isa = XCBuildConfiguration;
			buildSettings = {
				ALWAYS_EMBED_SWIFT_STANDARD_LIBRARIES = YES;
				CODE_SIGN_STYLE = Automatic;
				CURRENT_PROJECT_VERSION = 1;
				GENERATE_INFOPLIST_FILE = YES;
				MARKETING_VERSION = 1.0;
				PRODUCT_BUNDLE_IDENTIFIER = com.ujwal.TodoUITests;
				PRODUCT_NAME = "$(TARGET_NAME)";
				SWIFT_EMIT_LOC_STRINGS = NO;
				SWIFT_VERSION = 5.0;
				TARGETED_DEVICE_FAMILY = "1,2";
				TEST_TARGET_NAME = Todo;
			};
			name = Release;
		};
/* End XCBuildConfiguration section */

/* Begin XCConfigurationList section */
		FA1CFF222880B9C600F07A51 /* Build configuration list for PBXProject "Todo" */ = {
			isa = XCConfigurationList;
			buildConfigurations = (
				FA1CFF4F2880B9CF00F07A51 /* Debug */,
				FA1CFF502880B9CF00F07A51 /* Release */,
			);
			defaultConfigurationIsVisible = 0;
			defaultConfigurationName = Release;
		};
		FA1CFF512880B9CF00F07A51 /* Build configuration list for PBXNativeTarget "Todo" */ = {
			isa = XCConfigurationList;
			buildConfigurations = (
				FA1CFF522880B9CF00F07A51 /* Debug */,
				FA1CFF532880B9CF00F07A51 /* Release */,
			);
			defaultConfigurationIsVisible = 0;
			defaultConfigurationName = Release;
		};
		FA1CFF542880B9CF00F07A51 /* Build configuration list for PBXNativeTarget "TodoTests" */ = {
			isa = XCConfigurationList;
			buildConfigurations = (
				FA1CFF552880B9CF00F07A51 /* Debug */,
				FA1CFF562880B9CF00F07A51 /* Release */,
			);
			defaultConfigurationIsVisible = 0;
			defaultConfigurationName = Release;
		};
		FA1CFF572880B9CF00F07A51 /* Build configuration list for PBXNativeTarget "TodoUITests" */ = {
			isa = XCConfigurationList;
			buildConfigurations = (
				FA1CFF582880B9CF00F07A51 /* Debug */,
				FA1CFF592880B9CF00F07A51 /* Release */,
			);
			defaultConfigurationIsVisible = 0;
			defaultConfigurationName = Release;
		};
/* End XCConfigurationList section */
	};
	rootObject = FA1CFF1F2880B9C600F07A51 /* Project object */;
}
